
Microsoft Visual Studio Solution File, Format Version 12.00
# Visual Studio Version 17
VisualStudioVersion = 17.0.31521.260
MinimumVisualStudioVersion = 10.0.40219.1
Project("{2150E333-8FDC-42A3-9474-1A3956D46DE8}") = "FrontEnd", "FrontEnd", "{5D7D01B6-30E0-4552-BE0E-6EE1577B5FA7}"
EndProject
Project("{2150E333-8FDC-42A3-9474-1A3956D46DE8}") = "Services", "Services", "{BE8F341D-1378-4B40-88F9-6901B74F17C3}"
EndProject
Project("{9A19103F-16F7-4668-BE54-9A1E7A4F7556}") = "GeekShopping.Web", "GeekShopping.Web\GeekShopping.Web.csproj", "{5F676414-A1E7-4180-96F6-C7479B1100A8}"
EndProject
Project("{9A19103F-16F7-4668-BE54-9A1E7A4F7556}") = "GeekShopping.ProductAPI", "GeekShopping.ProductAPI\GeekShopping.ProductAPI.csproj", "{85D4039E-9A6D-4472-91FD-60E05EEE3587}"
EndProject
Project("{9A19103F-16F7-4668-BE54-9A1E7A4F7556}") = "GeekShopping.IdentityServer", "GeekShopping.IdentityServer\GeekShopping.IdentityServer.csproj", "{33E41B4C-7255-4B8D-9DC7-14B16346634D}"
EndProject
Project("{9A19103F-16F7-4668-BE54-9A1E7A4F7556}") = "GeekShopping.CartAPI", "GeekShopping.CartAPI\GeekShopping.CartAPI.csproj", "{1A73D30B-DB91-4C40-88B7-1A73FEED3665}"
EndProject
Project("{9A19103F-16F7-4668-BE54-9A1E7A4F7556}") = "GeekShopping.CouponAPI", "GeekShopping.CouponAPI\GeekShopping.CouponAPI.csproj", "{70FE3808-88BB-48BE-8533-DC07B5A39511}"
EndProject
Project("{2150E333-8FDC-42A3-9474-1A3956D46DE8}") = "Integration", "Integration", "{6A5B4A38-E1AD-48D7-BFC9-5829634A0160}"
EndProject
Project("{9A19103F-16F7-4668-BE54-9A1E7A4F7556}") = "GeekShopping.MessageBus", "GeekShopping.MessageBus\GeekShopping.MessageBus.csproj", "{8C92826B-BC53-40BF-AF6C-83E56C01715F}"
EndProject
Project("{9A19103F-16F7-4668-BE54-9A1E7A4F7556}") = "GeekShopping.OrderAPI", "GeekShopping.OrderAPI\GeekShopping.OrderAPI.csproj", "{A9165DED-6BDE-466D-9115-15B3F730E52B}"
EndProject
Project("{2150E333-8FDC-42A3-9474-1A3956D46DE8}") = "Payments", "Payments", "{ADBC2912-FD9E-4214-805A-E19790A507F5}"
EndProject
Project("{9A19103F-16F7-4668-BE54-9A1E7A4F7556}") = "GeekShopping.PaymentProcessor", "GeekShopping.PaymentProcessor\GeekShopping.PaymentProcessor.csproj", "{11746A4F-C63A-459C-B7A2-0F11733AEFF4}"
EndProject
Project("{9A19103F-16F7-4668-BE54-9A1E7A4F7556}") = "GeekShopping.PaymentAPI", "GeekShopping.PaymentAPI\GeekShopping.PaymentAPI.csproj", "{CF0973CA-734F-4CA1-AC66-51509EC47416}"
EndProject
Project("{FAE04EC0-301F-11D3-BF4B-00C04F79EFBC}") = "GeekShopping.Email", "GeekShopping.Email\GeekShopping.Email.csproj", "{8DAA00E5-C759-4E74-93CA-9794A6508CA8}"
EndProject
Global
	GlobalSection(SolutionConfigurationPlatforms) = preSolution
		Debug|Any CPU = Debug|Any CPU
		Release|Any CPU = Release|Any CPU
	EndGlobalSection
	GlobalSection(ProjectConfigurationPlatforms) = postSolution
		{5F676414-A1E7-4180-96F6-C7479B1100A8}.Debug|Any CPU.ActiveCfg = Debug|Any CPU
		{5F676414-A1E7-4180-96F6-C7479B1100A8}.Debug|Any CPU.Build.0 = Debug|Any CPU
		{5F676414-A1E7-4180-96F6-C7479B1100A8}.Release|Any CPU.ActiveCfg = Release|Any CPU
		{5F676414-A1E7-4180-96F6-C7479B1100A8}.Release|Any CPU.Build.0 = Release|Any CPU
		{85D4039E-9A6D-4472-91FD-60E05EEE3587}.Debug|Any CPU.ActiveCfg = Debug|Any CPU
		{85D4039E-9A6D-4472-91FD-60E05EEE3587}.Debug|Any CPU.Build.0 = Debug|Any CPU
		{85D4039E-9A6D-4472-91FD-60E05EEE3587}.Release|Any CPU.ActiveCfg = Release|Any CPU
		{85D4039E-9A6D-4472-91FD-60E05EEE3587}.Release|Any CPU.Build.0 = Release|Any CPU
		{33E41B4C-7255-4B8D-9DC7-14B16346634D}.Debug|Any CPU.ActiveCfg = Debug|Any CPU
		{33E41B4C-7255-4B8D-9DC7-14B16346634D}.Debug|Any CPU.Build.0 = Debug|Any CPU
		{33E41B4C-7255-4B8D-9DC7-14B16346634D}.Release|Any CPU.ActiveCfg = Release|Any CPU
		{33E41B4C-7255-4B8D-9DC7-14B16346634D}.Release|Any CPU.Build.0 = Release|Any CPU
		{1A73D30B-DB91-4C40-88B7-1A73FEED3665}.Debug|Any CPU.ActiveCfg = Debug|Any CPU
		{1A73D30B-DB91-4C40-88B7-1A73FEED3665}.Debug|Any CPU.Build.0 = Debug|Any CPU
		{1A73D30B-DB91-4C40-88B7-1A73FEED3665}.Release|Any CPU.ActiveCfg = Release|Any CPU
		{1A73D30B-DB91-4C40-88B7-1A73FEED3665}.Release|Any CPU.Build.0 = Release|Any CPU
		{70FE3808-88BB-48BE-8533-DC07B5A39511}.Debug|Any CPU.ActiveCfg = Debug|Any CPU
		{70FE3808-88BB-48BE-8533-DC07B5A39511}.Debug|Any CPU.Build.0 = Debug|Any CPU
		{70FE3808-88BB-48BE-8533-DC07B5A39511}.Release|Any CPU.ActiveCfg = Release|Any CPU
		{70FE3808-88BB-48BE-8533-DC07B5A39511}.Release|Any CPU.Build.0 = Release|Any CPU
		{8C92826B-BC53-40BF-AF6C-83E56C01715F}.Debug|Any CPU.ActiveCfg = Debug|Any CPU
		{8C92826B-BC53-40BF-AF6C-83E56C01715F}.Debug|Any CPU.Build.0 = Debug|Any CPU
		{8C92826B-BC53-40BF-AF6C-83E56C01715F}.Release|Any CPU.ActiveCfg = Release|Any CPU
		{8C92826B-BC53-40BF-AF6C-83E56C01715F}.Release|Any CPU.Build.0 = Release|Any CPU
		{A9165DED-6BDE-466D-9115-15B3F730E52B}.Debug|Any CPU.ActiveCfg = Debug|Any CPU
		{A9165DED-6BDE-466D-9115-15B3F730E52B}.Debug|Any CPU.Build.0 = Debug|Any CPU
		{A9165DED-6BDE-466D-9115-15B3F730E52B}.Release|Any CPU.ActiveCfg = Release|Any CPU
		{A9165DED-6BDE-466D-9115-15B3F730E52B}.Release|Any CPU.Build.0 = Release|Any CPU
		{11746A4F-C63A-459C-B7A2-0F11733AEFF4}.Debug|Any CPU.ActiveCfg = Debug|Any CPU
		{11746A4F-C63A-459C-B7A2-0F11733AEFF4}.Debug|Any CPU.Build.0 = Debug|Any CPU
		{11746A4F-C63A-459C-B7A2-0F11733AEFF4}.Release|Any CPU.ActiveCfg = Release|Any CPU
		{11746A4F-C63A-459C-B7A2-0F11733AEFF4}.Release|Any CPU.Build.0 = Release|Any CPU
		{CF0973CA-734F-4CA1-AC66-51509EC47416}.Debug|Any CPU.ActiveCfg = Debug|Any CPU
		{CF0973CA-734F-4CA1-AC66-51509EC47416}.Debug|Any CPU.Build.0 = Debug|Any CPU
		{CF0973CA-734F-4CA1-AC66-51509EC47416}.Release|Any CPU.ActiveCfg = Release|Any CPU
		{CF0973CA-734F-4CA1-AC66-51509EC47416}.Release|Any CPU.Build.0 = Release|Any CPU
		{8DAA00E5-C759-4E74-93CA-9794A6508CA8}.Debug|Any CPU.ActiveCfg = Debug|Any CPU
		{8DAA00E5-C759-4E74-93CA-9794A6508CA8}.Debug|Any CPU.Build.0 = Debug|Any CPU
		{8DAA00E5-C759-4E74-93CA-9794A6508CA8}.Release|Any CPU.ActiveCfg = Release|Any CPU
		{8DAA00E5-C759-4E74-93CA-9794A6508CA8}.Release|Any CPU.Build.0 = Release|Any CPU
	EndGlobalSection
	GlobalSection(SolutionProperties) = preSolution
		HideSolutionNode = FALSE
	EndGlobalSection
	GlobalSection(NestedProjects) = preSolution
		{5F676414-A1E7-4180-96F6-C7479B1100A8} = {5D7D01B6-30E0-4552-BE0E-6EE1577B5FA7}
		{85D4039E-9A6D-4472-91FD-60E05EEE3587} = {BE8F341D-1378-4B40-88F9-6901B74F17C3}
		{33E41B4C-7255-4B8D-9DC7-14B16346634D} = {BE8F341D-1378-4B40-88F9-6901B74F17C3}
		{1A73D30B-DB91-4C40-88B7-1A73FEED3665} = {BE8F341D-1378-4B40-88F9-6901B74F17C3}
		{70FE3808-88BB-48BE-8533-DC07B5A39511} = {BE8F341D-1378-4B40-88F9-6901B74F17C3}
		{8C92826B-BC53-40BF-AF6C-83E56C01715F} = {6A5B4A38-E1AD-48D7-BFC9-5829634A0160}
		{A9165DED-6BDE-466D-9115-15B3F730E52B} = {BE8F341D-1378-4B40-88F9-6901B74F17C3}
		{11746A4F-C63A-459C-B7A2-0F11733AEFF4} = {ADBC2912-FD9E-4214-805A-E19790A507F5}
		{CF0973CA-734F-4CA1-AC66-51509EC47416} = {BE8F341D-1378-4B40-88F9-6901B74F17C3}
		{8DAA00E5-C759-4E74-93CA-9794A6508CA8} = {BE8F341D-1378-4B40-88F9-6901B74F17C3}
	EndGlobalSection
	GlobalSection(ExtensibilityGlobals) = postSolution
		SolutionGuid = {44782F14-DB85-4BF3-BFEA-254F451A02FA}
	EndGlobalSection
EndGlobal
